
Microsoft Visual Studio Solution File, Format Version 12.00
# Visual Studio 15
VisualStudioVersion = 15.0.27428.2005
MinimumVisualStudioVersion = 10.0.40219.1
Project("{2150E333-8FDC-42A3-9474-1A3956D46DE8}") = "Ch1", "Ch1", "{846E4C1B-1E70-480A-8994-0F5CF3D01034}"
EndProject
Project("{2150E333-8FDC-42A3-9474-1A3956D46DE8}") = "Begin", "Begin", "{8FBF84EC-688D-45CA-9AEB-17DC6B58C452}"
EndProject
Project("{2150E333-8FDC-42A3-9474-1A3956D46DE8}") = "End", "End", "{93BAE6AC-6BDD-4528-8B5D-7518317B1888}"
EndProject
Project("{FAE04EC0-301F-11D3-BF4B-00C04F79EFBC}") = "ConsoleDemo", "Ch1\End\ConsoleDemo\ConsoleDemo.csproj", "{0BE923BA-EE8B-4CB3-BA91-23BEFAF58B1C}"
EndProject
Project("{2150E333-8FDC-42A3-9474-1A3956D46DE8}") = "Ch2", "Ch2", "{5CF7D4BB-46C7-484A-8E6B-C92E4FAD0428}"
EndProject
Project("{2150E333-8FDC-42A3-9474-1A3956D46DE8}") = "Begin", "Begin", "{96E4F2BB-A745-41F9-B52B-1C2B3D4C6561}"
EndProject
Project("{2150E333-8FDC-42A3-9474-1A3956D46DE8}") = "End", "End", "{95EFE82A-154D-4175-972F-C8284CD461A5}"
EndProject
Project("{FAE04EC0-301F-11D3-BF4B-00C04F79EFBC}") = "StudentDbApp", "Ch2\End\StudentDbApp\StudentDbApp.csproj", "{2BDBE298-A8B6-4EEE-8C51-D25A54CE9628}"
EndProject
Project("{2150E333-8FDC-42A3-9474-1A3956D46DE8}") = "Ch3", "Ch3", "{9F2E8192-DDA6-450A-86D3-5159701A6F60}"
EndProject
Project("{2150E333-8FDC-42A3-9474-1A3956D46DE8}") = "Begin", "Begin", "{B41D5306-5204-4D2A-B157-6FA5A05C9B64}"
EndProject
Project("{2150E333-8FDC-42A3-9474-1A3956D46DE8}") = "End", "End", "{F24297BC-71AD-4B19-BAB0-3FA19EE49324}"
EndProject
Project("{FAE04EC0-301F-11D3-BF4B-00C04F79EFBC}") = "FacultyDbApp", "Ch3\End\FacultyDbApp\FacultyDbApp.csproj", "{CDE93D83-7175-448D-B34D-0FFDA728D7C5}"
EndProject
Global
	GlobalSection(SolutionConfigurationPlatforms) = preSolution
		Debug|Any CPU = Debug|Any CPU
		Release|Any CPU = Release|Any CPU
	EndGlobalSection
	GlobalSection(ProjectConfigurationPlatforms) = postSolution
		{0BE923BA-EE8B-4CB3-BA91-23BEFAF58B1C}.Debug|Any CPU.ActiveCfg = Debug|Any CPU
		{0BE923BA-EE8B-4CB3-BA91-23BEFAF58B1C}.Debug|Any CPU.Build.0 = Debug|Any CPU
		{0BE923BA-EE8B-4CB3-BA91-23BEFAF58B1C}.Release|Any CPU.ActiveCfg = Release|Any CPU
		{0BE923BA-EE8B-4CB3-BA91-23BEFAF58B1C}.Release|Any CPU.Build.0 = Release|Any CPU
		{2BDBE298-A8B6-4EEE-8C51-D25A54CE9628}.Debug|Any CPU.ActiveCfg = Debug|Any CPU
		{2BDBE298-A8B6-4EEE-8C51-D25A54CE9628}.Debug|Any CPU.Build.0 = Debug|Any CPU
		{2BDBE298-A8B6-4EEE-8C51-D25A54CE9628}.Release|Any CPU.ActiveCfg = Release|Any CPU
		{2BDBE298-A8B6-4EEE-8C51-D25A54CE9628}.Release|Any CPU.Build.0 = Release|Any CPU
		{CDE93D83-7175-448D-B34D-0FFDA728D7C5}.Debug|Any CPU.ActiveCfg = Debug|Any CPU
		{CDE93D83-7175-448D-B34D-0FFDA728D7C5}.Debug|Any CPU.Build.0 = Debug|Any CPU
		{CDE93D83-7175-448D-B34D-0FFDA728D7C5}.Release|Any CPU.ActiveCfg = Release|Any CPU
		{CDE93D83-7175-448D-B34D-0FFDA728D7C5}.Release|Any CPU.Build.0 = Release|Any CPU
	EndGlobalSection
	GlobalSection(SolutionProperties) = preSolution
		HideSolutionNode = FALSE
	EndGlobalSection
	GlobalSection(NestedProjects) = preSolution
		{8FBF84EC-688D-45CA-9AEB-17DC6B58C452} = {846E4C1B-1E70-480A-8994-0F5CF3D01034}
		{93BAE6AC-6BDD-4528-8B5D-7518317B1888} = {846E4C1B-1E70-480A-8994-0F5CF3D01034}
		{0BE923BA-EE8B-4CB3-BA91-23BEFAF58B1C} = {93BAE6AC-6BDD-4528-8B5D-7518317B1888}
		{96E4F2BB-A745-41F9-B52B-1C2B3D4C6561} = {5CF7D4BB-46C7-484A-8E6B-C92E4FAD0428}
		{95EFE82A-154D-4175-972F-C8284CD461A5} = {5CF7D4BB-46C7-484A-8E6B-C92E4FAD0428}
		{2BDBE298-A8B6-4EEE-8C51-D25A54CE9628} = {95EFE82A-154D-4175-972F-C8284CD461A5}
		{B41D5306-5204-4D2A-B157-6FA5A05C9B64} = {9F2E8192-DDA6-450A-86D3-5159701A6F60}
		{F24297BC-71AD-4B19-BAB0-3FA19EE49324} = {9F2E8192-DDA6-450A-86D3-5159701A6F60}
		{CDE93D83-7175-448D-B34D-0FFDA728D7C5} = {F24297BC-71AD-4B19-BAB0-3FA19EE49324}
	EndGlobalSection
	GlobalSection(ExtensibilityGlobals) = postSolution
		SolutionGuid = {4A8267C4-DBEA-448F-A764-526427C324A6}
	EndGlobalSection
EndGlobal
